
Microsoft Visual Studio Solution File, Format Version 12.00
Project("{FAE04EC0-301F-11D3-BF4B-00C04F79EFBC}") = "Adhyayan-Archives", "Adhyayan-Archives\Adhyayan-Archives.csproj", "{5478FAA6-1ED6-4159-8572-E4D4232F7B93}"
EndProject
Global
	GlobalSection(SolutionConfigurationPlatforms) = preSolution
		Debug|Any CPU = Debug|Any CPU
		Release|Any CPU = Release|Any CPU
	EndGlobalSection
	GlobalSection(ProjectConfigurationPlatforms) = postSolution
		{5478FAA6-1ED6-4159-8572-E4D4232F7B93}.Debug|Any CPU.ActiveCfg = Debug|Any CPU
		{5478FAA6-1ED6-4159-8572-E4D4232F7B93}.Debug|Any CPU.Build.0 = Debug|Any CPU
		{5478FAA6-1ED6-4159-8572-E4D4232F7B93}.Release|Any CPU.ActiveCfg = Release|Any CPU
		{5478FAA6-1ED6-4159-8572-E4D4232F7B93}.Release|Any CPU.Build.0 = Release|Any CPU
	EndGlobalSection
EndGlobal
